
Microsoft Visual Studio Solution File, Format Version 12.00
# Visual Studio Version 17
VisualStudioVersion = 17.13.35828.75 d17.13
MinimumVisualStudioVersion = 10.0.40219.1
Project("{FAE04EC0-301F-11D3-BF4B-00C04F79EFBC}") = "Shopping.Com", "Shopping.Com\Shopping.Com.csproj", "{D6E66E11-AE57-46D1-A4E8-FE4491A638EA}"
EndProject
Global
	GlobalSection(SolutionConfigurationPlatforms) = preSolution
		Debug|Any CPU = Debug|Any CPU
		Release|Any CPU = Release|Any CPU
	EndGlobalSection
	GlobalSection(ProjectConfigurationPlatforms) = postSolution
		{D6E66E11-AE57-46D1-A4E8-FE4491A638EA}.Debug|Any CPU.ActiveCfg = Debug|Any CPU
		{D6E66E11-AE57-46D1-A4E8-FE4491A638EA}.Debug|Any CPU.Build.0 = Debug|Any CPU
		{D6E66E11-AE57-46D1-A4E8-FE4491A638EA}.Release|Any CPU.ActiveCfg = Release|Any CPU
		{D6E66E11-AE57-46D1-A4E8-FE4491A638EA}.Release|Any CPU.Build.0 = Release|Any CPU
	EndGlobalSection
	GlobalSection(SolutionProperties) = preSolution
		HideSolutionNode = FALSE
	EndGlobalSection
	GlobalSection(ExtensibilityGlobals) = postSolution
		SolutionGuid = {21E15B69-7DCF-48BD-B57B-24DF4CB910F5}
	EndGlobalSection
EndGlobal
